
Microsoft Visual Studio Solution File, Format Version 12.00
# Visual Studio Version 17
VisualStudioVersion = 17.4.33122.133
MinimumVisualStudioVersion = 10.0.40219.1
Project("{FAE04EC0-301F-11D3-BF4B-00C04F79EFBC}") = "UserTestWithReactHooks", "UserTestWithReactHooks.csproj", "{113D1A51-8616-406F-BD2E-211134BB24E6}"
EndProject
Global
	GlobalSection(SolutionConfigurationPlatforms) = preSolution
		Debug|Any CPU = Debug|Any CPU
		Release|Any CPU = Release|Any CPU
	EndGlobalSection
	GlobalSection(ProjectConfigurationPlatforms) = postSolution
		{113D1A51-8616-406F-BD2E-211134BB24E6}.Debug|Any CPU.ActiveCfg = Debug|Any CPU
		{113D1A51-8616-406F-BD2E-211134BB24E6}.Debug|Any CPU.Build.0 = Debug|Any CPU
		{113D1A51-8616-406F-BD2E-211134BB24E6}.Release|Any CPU.ActiveCfg = Release|Any CPU
		{113D1A51-8616-406F-BD2E-211134BB24E6}.Release|Any CPU.Build.0 = Release|Any CPU
	EndGlobalSection
	GlobalSection(SolutionProperties) = preSolution
		HideSolutionNode = FALSE
	EndGlobalSection
	GlobalSection(ExtensibilityGlobals) = postSolution
		SolutionGuid = {6E6E19A2-2924-408C-8A69-965C06678D5A}
	EndGlobalSection
EndGlobal
